
Microsoft Visual Studio Solution File, Format Version 12.00
# Visual Studio Version 17
VisualStudioVersion = 17.12.35527.113 d17.12
MinimumVisualStudioVersion = 10.0.40219.1
Project("{FAE04EC0-301F-11D3-BF4B-00C04F79EFBC}") = "TrackerLibrary", "TrackerLibrary\TrackerLibrary.csproj", "{F93326B7-5AA3-4B32-86C1-951AD0D58BFD}"
EndProject
Project("{FAE04EC0-301F-11D3-BF4B-00C04F79EFBC}") = "TrackerUI", "TrackerUI\TrackerUI.csproj", "{5F256178-1820-493C-9533-A7FB6127307B}"
EndProject
Global
	GlobalSection(SolutionConfigurationPlatforms) = preSolution
		Debug|Any CPU = Debug|Any CPU
		Release|Any CPU = Release|Any CPU
	EndGlobalSection
	GlobalSection(ProjectConfigurationPlatforms) = postSolution
		{F93326B7-5AA3-4B32-86C1-951AD0D58BFD}.Debug|Any CPU.ActiveCfg = Debug|Any CPU
		{F93326B7-5AA3-4B32-86C1-951AD0D58BFD}.Debug|Any CPU.Build.0 = Debug|Any CPU
		{F93326B7-5AA3-4B32-86C1-951AD0D58BFD}.Release|Any CPU.ActiveCfg = Release|Any CPU
		{F93326B7-5AA3-4B32-86C1-951AD0D58BFD}.Release|Any CPU.Build.0 = Release|Any CPU
		{5F256178-1820-493C-9533-A7FB6127307B}.Debug|Any CPU.ActiveCfg = Debug|Any CPU
		{5F256178-1820-493C-9533-A7FB6127307B}.Debug|Any CPU.Build.0 = Debug|Any CPU
		{5F256178-1820-493C-9533-A7FB6127307B}.Release|Any CPU.ActiveCfg = Release|Any CPU
		{5F256178-1820-493C-9533-A7FB6127307B}.Release|Any CPU.Build.0 = Release|Any CPU
	EndGlobalSection
	GlobalSection(SolutionProperties) = preSolution
		HideSolutionNode = FALSE
	EndGlobalSection
EndGlobal
